
Microsoft Visual Studio Solution File, Format Version 12.00
# Visual Studio Version 16
VisualStudioVersion = 16.0.29418.71
MinimumVisualStudioVersion = 10.0.40219.1
Project("{FAE04EC0-301F-11D3-BF4B-00C04F79EFBC}") = "MyFirstApp", "MyFirstApp\MyFirstApp.csproj", "{35E01426-1208-484C-9615-893446ACEDFA}"
EndProject
Project("{FAE04EC0-301F-11D3-BF4B-00C04F79EFBC}") = "MyFirstAppTests", "MyFirstAppTests\MyFirstAppTests.csproj", "{D2A59103-47D7-42B7-89BD-48C9A41E3603}"
EndProject
Global
	GlobalSection(SolutionConfigurationPlatforms) = preSolution
		Debug|Any CPU = Debug|Any CPU
		Release|Any CPU = Release|Any CPU
	EndGlobalSection
	GlobalSection(ProjectConfigurationPlatforms) = postSolution
		{35E01426-1208-484C-9615-893446ACEDFA}.Debug|Any CPU.ActiveCfg = Debug|Any CPU
		{35E01426-1208-484C-9615-893446ACEDFA}.Debug|Any CPU.Build.0 = Debug|Any CPU
		{35E01426-1208-484C-9615-893446ACEDFA}.Release|Any CPU.ActiveCfg = Release|Any CPU
		{35E01426-1208-484C-9615-893446ACEDFA}.Release|Any CPU.Build.0 = Release|Any CPU
		{D2A59103-47D7-42B7-89BD-48C9A41E3603}.Debug|Any CPU.ActiveCfg = Debug|Any CPU
		{D2A59103-47D7-42B7-89BD-48C9A41E3603}.Debug|Any CPU.Build.0 = Debug|Any CPU
		{D2A59103-47D7-42B7-89BD-48C9A41E3603}.Release|Any CPU.ActiveCfg = Release|Any CPU
		{D2A59103-47D7-42B7-89BD-48C9A41E3603}.Release|Any CPU.Build.0 = Release|Any CPU
	EndGlobalSection
	GlobalSection(SolutionProperties) = preSolution
		HideSolutionNode = FALSE
	EndGlobalSection
	GlobalSection(ExtensibilityGlobals) = postSolution
		SolutionGuid = {4E465329-AE4A-4D1A-85FE-0BEA3ADDA0F2}
	EndGlobalSection
EndGlobal
